
Microsoft Visual Studio Solution File, Format Version 12.00
# Visual Studio Version 16
VisualStudioVersion = 16.0.31321.278
MinimumVisualStudioVersion = 10.0.40219.1
Project("{9A19103F-16F7-4668-BE54-9A1E7A4F7556}") = "MyGraphQLs", "MyGraphQLs\MyGraphQLs.csproj", "{9A9BB6B4-69ED-43EE-93C8-E85EAC24A609}"
EndProject
Project("{9A19103F-16F7-4668-BE54-9A1E7A4F7556}") = "Gateway", "Gateway\Gateway.csproj", "{CF7B3122-FB4E-43E8-8854-149D6FBCC051}"
EndProject
Global
	GlobalSection(SolutionConfigurationPlatforms) = preSolution
		Debug|Any CPU = Debug|Any CPU
		Release|Any CPU = Release|Any CPU
	EndGlobalSection
	GlobalSection(ProjectConfigurationPlatforms) = postSolution
		{9A9BB6B4-69ED-43EE-93C8-E85EAC24A609}.Debug|Any CPU.ActiveCfg = Debug|Any CPU
		{9A9BB6B4-69ED-43EE-93C8-E85EAC24A609}.Debug|Any CPU.Build.0 = Debug|Any CPU
		{9A9BB6B4-69ED-43EE-93C8-E85EAC24A609}.Release|Any CPU.ActiveCfg = Release|Any CPU
		{9A9BB6B4-69ED-43EE-93C8-E85EAC24A609}.Release|Any CPU.Build.0 = Release|Any CPU
		{CF7B3122-FB4E-43E8-8854-149D6FBCC051}.Debug|Any CPU.ActiveCfg = Debug|Any CPU
		{CF7B3122-FB4E-43E8-8854-149D6FBCC051}.Debug|Any CPU.Build.0 = Debug|Any CPU
		{CF7B3122-FB4E-43E8-8854-149D6FBCC051}.Release|Any CPU.ActiveCfg = Release|Any CPU
		{CF7B3122-FB4E-43E8-8854-149D6FBCC051}.Release|Any CPU.Build.0 = Release|Any CPU
	EndGlobalSection
	GlobalSection(SolutionProperties) = preSolution
		HideSolutionNode = FALSE
	EndGlobalSection
	GlobalSection(ExtensibilityGlobals) = postSolution
		SolutionGuid = {C5502647-E7D0-4580-8E33-4D515B05619B}
	EndGlobalSection
EndGlobal
